
Microsoft Visual Studio Solution File, Format Version 12.00
# Visual Studio Version 16
VisualStudioVersion = 16.0.32002.261
MinimumVisualStudioVersion = 10.0.40219.1
Project("{8BC9CEB8-8B4A-11D0-8D11-00A0C91BC942}") = "ACL", "ACL.vcxproj", "{DA237071-5A1C-44F3-921C-C38B13915FA9}"
EndProject
Project("{8BC9CEB8-8B4A-11D0-8D11-00A0C91BC942}") = "UnitTests", "UnitTests\UnitTests.vcxproj", "{823797CA-036B-48DF-968C-4114E9582D1E}"
EndProject
Global
	GlobalSection(SolutionConfigurationPlatforms) = preSolution
		Debug|x64 = Debug|x64
		Debug|x86 = Debug|x86
		Release|x64 = Release|x64
		Release|x86 = Release|x86
	EndGlobalSection
	GlobalSection(ProjectConfigurationPlatforms) = postSolution
		{DA237071-5A1C-44F3-921C-C38B13915FA9}.Debug|x64.ActiveCfg = Debug|x64
		{DA237071-5A1C-44F3-921C-C38B13915FA9}.Debug|x64.Build.0 = Debug|x64
		{DA237071-5A1C-44F3-921C-C38B13915FA9}.Debug|x86.ActiveCfg = Debug|Win32
		{DA237071-5A1C-44F3-921C-C38B13915FA9}.Debug|x86.Build.0 = Debug|Win32
		{DA237071-5A1C-44F3-921C-C38B13915FA9}.Release|x64.ActiveCfg = Release|x64
		{DA237071-5A1C-44F3-921C-C38B13915FA9}.Release|x64.Build.0 = Release|x64
		{DA237071-5A1C-44F3-921C-C38B13915FA9}.Release|x86.ActiveCfg = Release|Win32
		{DA237071-5A1C-44F3-921C-C38B13915FA9}.Release|x86.Build.0 = Release|Win32
		{823797CA-036B-48DF-968C-4114E9582D1E}.Debug|x64.ActiveCfg = Debug|x64
		{823797CA-036B-48DF-968C-4114E9582D1E}.Debug|x64.Build.0 = Debug|x64
		{823797CA-036B-48DF-968C-4114E9582D1E}.Debug|x86.ActiveCfg = Debug|Win32
		{823797CA-036B-48DF-968C-4114E9582D1E}.Debug|x86.Build.0 = Debug|Win32
		{823797CA-036B-48DF-968C-4114E9582D1E}.Release|x64.ActiveCfg = Release|x64
		{823797CA-036B-48DF-968C-4114E9582D1E}.Release|x64.Build.0 = Release|x64
		{823797CA-036B-48DF-968C-4114E9582D1E}.Release|x86.ActiveCfg = Release|Win32
		{823797CA-036B-48DF-968C-4114E9582D1E}.Release|x86.Build.0 = Release|Win32
	EndGlobalSection
	GlobalSection(SolutionProperties) = preSolution
		HideSolutionNode = FALSE
	EndGlobalSection
	GlobalSection(ExtensibilityGlobals) = postSolution
		SolutionGuid = {D0F7D94F-3199-4F84-9857-4252E38E4DED}
	EndGlobalSection
EndGlobal
